// !$*UTF8*$!
{
	archiveVersion = 1;
	classes = {
	};
	objectVersion = 56;
	objects = {

/* Begin PBXBuildFile section */
		BA8810F52C23174D007583D5 /* TextViews.swift in Sources */ = {isa = PBXBuildFile; fileRef = BA8810F42C23174D007583D5 /* TextViews.swift */; };
		BAB12F4A2C27DDEE00717446 /* RoundedViews.swift in Sources */ = {isa = PBXBuildFile; fileRef = BAB12F492C27DDEE00717446 /* RoundedViews.swift */; };
		BAFA1E8D2C1F438400BDF708 /* BullsEyeApp.swift in Sources */ = {isa = PBXBuildFile; fileRef = BAFA1E8C2C1F438400BDF708 /* BullsEyeApp.swift */; };
		BAFA1E8F2C1F438400BDF708 /* ContentView.swift in Sources */ = {isa = PBXBuildFile; fileRef = BAFA1E8E2C1F438400BDF708 /* ContentView.swift */; };
		BAFA1E912C1F438600BDF708 /* Assets.xcassets in Resources */ = {isa = PBXBuildFile; fileRef = BAFA1E902C1F438600BDF708 /* Assets.xcassets */; };
		BAFA1E942C1F438600BDF708 /* Preview Assets.xcassets in Resources */ = {isa = PBXBuildFile; fileRef = BAFA1E932C1F438600BDF708 /* Preview Assets.xcassets */; };
		BAFA1E9E2C1F438700BDF708 /* BullsEyeTests.swift in Sources */ = {isa = PBXBuildFile; fileRef = BAFA1E9D2C1F438700BDF708 /* BullsEyeTests.swift */; };
		BAFA1EA82C1F438700BDF708 /* BullsEyeUITests.swift in Sources */ = {isa = PBXBuildFile; fileRef = BAFA1EA72C1F438700BDF708 /* BullsEyeUITests.swift */; };
		BAFA1EAA2C1F438700BDF708 /* BullsEyeUITestsLaunchTests.swift in Sources */ = {isa = PBXBuildFile; fileRef = BAFA1EA92C1F438700BDF708 /* BullsEyeUITestsLaunchTests.swift */; };
		BAFA1EBA2C202C1B00BDF708 /* Game.swift in Sources */ = {isa = PBXBuildFile; fileRef = BAFA1EB92C202C1B00BDF708 /* Game.swift */; };
/* End PBXBuildFile section */

/* Begin PBXContainerItemProxy section */
		BAFA1E9A2C1F438700BDF708 /* PBXContainerItemProxy */ = {
			isa = PBXContainerItemProxy;
			containerPortal = BAFA1E812C1F438400BDF708 /* Project object */;
			proxyType = 1;
			remoteGlobalIDString = BAFA1E882C1F438400BDF708;
			remoteInfo = BullsEye;
		};
		BAFA1EA42C1F438700BDF708 /* PBXContainerItemProxy */ = {
			isa = PBXContainerItemProxy;
			containerPortal = BAFA1E812C1F438400BDF708 /* Project object */;
			proxyType = 1;
			remoteGlobalIDString = BAFA1E882C1F438400BDF708;
			remoteInfo = BullsEye;
		};
/* End PBXContainerItemProxy section */

/* Begin PBXFileReference section */
		BA8810F42C23174D007583D5 /* TextViews.swift */ = {isa = PBXFileReference; lastKnownFileType = sourcecode.swift; path = TextViews.swift; sourceTree = "<group>"; };
		BAB12F492C27DDEE00717446 /* RoundedViews.swift */ = {isa = PBXFileReference; lastKnownFileType = sourcecode.swift; path = RoundedViews.swift; sourceTree = "<group>"; };
		BAFA1E892C1F438400BDF708 /* BullsEye.app */ = {isa = PBXFileReference; explicitFileType = wrapper.application; includeInIndex = 0; path = BullsEye.app; sourceTree = BUILT_PRODUCTS_DIR; };
		BAFA1E8C2C1F438400BDF708 /* BullsEyeApp.swift */ = {isa = PBXFileReference; lastKnownFileType = sourcecode.swift; path = BullsEyeApp.swift; sourceTree = "<group>"; };
		BAFA1E8E2C1F438400BDF708 /* ContentView.swift */ = {isa = PBXFileReference; lastKnownFileType = sourcecode.swift; path = ContentView.swift; sourceTree = "<group>"; };
		BAFA1E902C1F438600BDF708 /* Assets.xcassets */ = {isa = PBXFileReference; lastKnownFileType = folder.assetcatalog; path = Assets.xcassets; sourceTree = "<group>"; };
		BAFA1E932C1F438600BDF708 /* Preview Assets.xcassets */ = {isa = PBXFileReference; lastKnownFileType = folder.assetcatalog; path = "Preview Assets.xcassets"; sourceTree = "<group>"; };
		BAFA1E992C1F438700BDF708 /* BullsEyeTests.xctest */ = {isa = PBXFileReference; explicitFileType = wrapper.cfbundle; includeInIndex = 0; path = BullsEyeTests.xctest; sourceTree = BUILT_PRODUCTS_DIR; };
		BAFA1E9D2C1F438700BDF708 /* BullsEyeTests.swift */ = {isa = PBXFileReference; lastKnownFileType = sourcecode.swift; path = BullsEyeTests.swift; sourceTree = "<group>"; };
		BAFA1EA32C1F438700BDF708 /* BullsEyeUITests.xctest */ = {isa = PBXFileReference; explicitFileType = wrapper.cfbundle; includeInIndex = 0; path = BullsEyeUITests.xctest; sourceTree = BUILT_PRODUCTS_DIR; };
		BAFA1EA72C1F438700BDF708 /* BullsEyeUITests.swift */ = {isa = PBXFileReference; lastKnownFileType = sourcecode.swift; path = BullsEyeUITests.swift; sourceTree = "<group>"; };
		BAFA1EA92C1F438700BDF708 /* BullsEyeUITestsLaunchTests.swift */ = {isa = PBXFileReference; lastKnownFileType = sourcecode.swift; path = BullsEyeUITestsLaunchTests.swift; sourceTree = "<group>"; };
		BAFA1EB92C202C1B00BDF708 /* Game.swift */ = {isa = PBXFileReference; lastKnownFileType = sourcecode.swift; path = Game.swift; sourceTree = "<group>"; };
/* End PBXFileReference section */

/* Begin PBXFrameworksBuildPhase section */
		BAFA1E862C1F438400BDF708 /* Frameworks */ = {
			isa = PBXFrameworksBuildPhase;
			buildActionMask = 2147483647;
			files = (
			);
			runOnlyForDeploymentPostprocessing = 0;
		};
		BAFA1E962C1F438600BDF708 /* Frameworks */ = {
			isa = PBXFrameworksBuildPhase;
			buildActionMask = 2147483647;
			files = (
			);
			runOnlyForDeploymentPostprocessing = 0;
		};
		BAFA1EA02C1F438700BDF708 /* Frameworks */ = {
			isa = PBXFrameworksBuildPhase;
			buildActionMask = 2147483647;
			files = (
			);
			runOnlyForDeploymentPostprocessing = 0;
		};
/* End PBXFrameworksBuildPhase section */

/* Begin PBXGroup section */
		BAFA1E802C1F438400BDF708 = {
			isa = PBXGroup;
			children = (
				BAFA1E8B2C1F438400BDF708 /* BullsEye */,
				BAFA1E9C2C1F438700BDF708 /* BullsEyeTests */,
				BAFA1EA62C1F438700BDF708 /* BullsEyeUITests */,
				BAFA1E8A2C1F438400BDF708 /* Products */,
			);
			sourceTree = "<group>";
		};
		BAFA1E8A2C1F438400BDF708 /* Products */ = {
			isa = PBXGroup;
			children = (
				BAFA1E892C1F438400BDF708 /* BullsEye.app */,
				BAFA1E992C1F438700BDF708 /* BullsEyeTests.xctest */,
				BAFA1EA32C1F438700BDF708 /* BullsEyeUITests.xctest */,
			);
			name = Products;
			sourceTree = "<group>";
		};
		BAFA1E8B2C1F438400BDF708 /* BullsEye */ = {
			isa = PBXGroup;
			children = (
				BAFA1E8C2C1F438400BDF708 /* BullsEyeApp.swift */,
				BAFA1EB72C202AAD00BDF708 /* Views */,
				BAFA1EB62C202A8800BDF708 /* Models */,
				BAFA1EB82C202B7800BDF708 /* App */,
				BAFA1E922C1F438600BDF708 /* Preview Content */,
			);
			path = BullsEye;
			sourceTree = "<group>";
		};
		BAFA1E922C1F438600BDF708 /* Preview Content */ = {
			isa = PBXGroup;
			children = (
				BAFA1E932C1F438600BDF708 /* Preview Assets.xcassets */,
			);
			path = "Preview Content";
			sourceTree = "<group>";
		};
		BAFA1E9C2C1F438700BDF708 /* BullsEyeTests */ = {
			isa = PBXGroup;
			children = (
				BAFA1E9D2C1F438700BDF708 /* BullsEyeTests.swift */,
			);
			path = BullsEyeTests;
			sourceTree = "<group>";
		};
		BAFA1EA62C1F438700BDF708 /* BullsEyeUITests */ = {
			isa = PBXGroup;
			children = (
				BAFA1EA72C1F438700BDF708 /* BullsEyeUITests.swift */,
				BAFA1EA92C1F438700BDF708 /* BullsEyeUITestsLaunchTests.swift */,
			);
			path = BullsEyeUITests;
			sourceTree = "<group>";
		};
		BAFA1EB62C202A8800BDF708 /* Models */ = {
			isa = PBXGroup;
			children = (
				BAFA1EB92C202C1B00BDF708 /* Game.swift */,
			);
			path = Models;
			sourceTree = "<group>";
		};
		BAFA1EB72C202AAD00BDF708 /* Views */ = {
			isa = PBXGroup;
			children = (
				BAFA1E8E2C1F438400BDF708 /* ContentView.swift */,
				BA8810F42C23174D007583D5 /* TextViews.swift */,
				BAB12F492C27DDEE00717446 /* RoundedViews.swift */,
			);
			path = Views;
			sourceTree = "<group>";
		};
		BAFA1EB82C202B7800BDF708 /* App */ = {
			isa = PBXGroup;
			children = (
				BAFA1E902C1F438600BDF708 /* Assets.xcassets */,
			);
			path = App;
			sourceTree = "<group>";
		};
/* End PBXGroup section */

/* Begin PBXNativeTarget section */
		BAFA1E882C1F438400BDF708 /* BullsEye */ = {
			isa = PBXNativeTarget;
			buildConfigurationList = BAFA1EAD2C1F438700BDF708 /* Build configuration list for PBXNativeTarget "BullsEye" */;
			buildPhases = (
				BAFA1E852C1F438400BDF708 /* Sources */,
				BAFA1E862C1F438400BDF708 /* Frameworks */,
				BAFA1E872C1F438400BDF708 /* Resources */,
			);
			buildRules = (
			);
			dependencies = (
			);
			name = BullsEye;
			productName = BullsEye;
			productReference = BAFA1E892C1F438400BDF708 /* BullsEye.app */;
			productType = "com.apple.product-type.application";
		};
		BAFA1E982C1F438600BDF708 /* BullsEyeTests */ = {
			isa = PBXNativeTarget;
			buildConfigurationList = BAFA1EB02C1F438700BDF708 /* Build configuration list for PBXNativeTarget "BullsEyeTests" */;
			buildPhases = (
				BAFA1E952C1F438600BDF708 /* Sources */,
				BAFA1E962C1F438600BDF708 /* Frameworks */,
				BAFA1E972C1F438600BDF708 /* Resources */,
			);
			buildRules = (
			);
			dependencies = (
				BAFA1E9B2C1F438700BDF708 /* PBXTargetDependency */,
			);
			name = BullsEyeTests;
			productName = BullsEyeTests;
			productReference = BAFA1E992C1F438700BDF708 /* BullsEyeTests.xctest */;
			productType = "com.apple.product-type.bundle.unit-test";
		};
		BAFA1EA22C1F438700BDF708 /* BullsEyeUITests */ = {
			isa = PBXNativeTarget;
			buildConfigurationList = BAFA1EB32C1F438700BDF708 /* Build configuration list for PBXNativeTarget "BullsEyeUITests" */;
			buildPhases = (
				BAFA1E9F2C1F438700BDF708 /* Sources */,
				BAFA1EA02C1F438700BDF708 /* Frameworks */,
				BAFA1EA12C1F438700BDF708 /* Resources */,
			);
			buildRules = (
			);
			dependencies = (
				BAFA1EA52C1F438700BDF708 /* PBXTargetDependency */,
			);
			name = BullsEyeUITests;
			productName = BullsEyeUITests;
			productReference = BAFA1EA32C1F438700BDF708 /* BullsEyeUITests.xctest */;
			productType = "com.apple.product-type.bundle.ui-testing";
		};
/* End PBXNativeTarget section */

/* Begin PBXProject section */
		BAFA1E812C1F438400BDF708 /* Project object */ = {
			isa = PBXProject;
			attributes = {
				BuildIndependentTargetsInParallel = 1;
				LastSwiftUpdateCheck = 1520;
				LastUpgradeCheck = 1520;
				TargetAttributes = {
					BAFA1E882C1F438400BDF708 = {
						CreatedOnToolsVersion = 15.2;
					};
					BAFA1E982C1F438600BDF708 = {
						CreatedOnToolsVersion = 15.2;
						TestTargetID = BAFA1E882C1F438400BDF708;
					};
					BAFA1EA22C1F438700BDF708 = {
						CreatedOnToolsVersion = 15.2;
						TestTargetID = BAFA1E882C1F438400BDF708;
					};
				};
			};
			buildConfigurationList = BAFA1E842C1F438400BDF708 /* Build configuration list for PBXProject "BullsEye" */;
			compatibilityVersion = "Xcode 14.0";
			developmentRegion = en;
			hasScannedForEncodings = 0;
			knownRegions = (
				en,
				Base,
			);
			mainGroup = BAFA1E802C1F438400BDF708;
			productRefGroup = BAFA1E8A2C1F438400BDF708 /* Products */;
			projectDirPath = "";
			projectRoot = "";
			targets = (
				BAFA1E882C1F438400BDF708 /* BullsEye */,
				BAFA1E982C1F438600BDF708 /* BullsEyeTests */,
				BAFA1EA22C1F438700BDF708 /* BullsEyeUITests */,
			);
		};
/* End PBXProject section */

/* Begin PBXResourcesBuildPhase section */
		BAFA1E872C1F438400BDF708 /* Resources */ = {
			isa = PBXResourcesBuildPhase;
			buildActionMask = 2147483647;
			files = (
				BAFA1E942C1F438600BDF708 /* Preview Assets.xcassets in Resources */,
				BAFA1E912C1F438600BDF708 /* Assets.xcassets in Resources */,
			);
			runOnlyForDeploymentPostprocessing = 0;
		};
		BAFA1E972C1F438600BDF708 /* Resources */ = {
			isa = PBXResourcesBuildPhase;
			buildActionMask = 2147483647;
			files = (
			);
			runOnlyForDeploymentPostprocessing = 0;
		};
		BAFA1EA12C1F438700BDF708 /* Resources */ = {
			isa = PBXResourcesBuildPhase;
			buildActionMask = 2147483647;
			files = (
			);
			runOnlyForDeploymentPostprocessing = 0;
		};
/* End PBXResourcesBuildPhase section */

/* Begin PBXSourcesBuildPhase section */
		BAFA1E852C1F438400BDF708 /* Sources */ = {
			isa = PBXSourcesBuildPhase;
			buildActionMask = 2147483647;
			files = (
				BAFA1E8F2C1F438400BDF708 /* ContentView.swift in Sources */,
				BA8810F52C23174D007583D5 /* TextViews.swift in Sources */,
				BAB12F4A2C27DDEE00717446 /* RoundedViews.swift in Sources */,
				BAFA1EBA2C202C1B00BDF708 /* Game.swift in Sources */,
				BAFA1E8D2C1F438400BDF708 /* BullsEyeApp.swift in Sources */,
			);
			runOnlyForDeploymentPostprocessing = 0;
		};
		BAFA1E952C1F438600BDF708 /* Sources */ = {
			isa = PBXSourcesBuildPhase;
			buildActionMask = 2147483647;
			files = (
				BAFA1E9E2C1F438700BDF708 /* BullsEyeTests.swift in Sources */,
			);
			runOnlyForDeploymentPostprocessing = 0;
		};
		BAFA1E9F2C1F438700BDF708 /* Sources */ = {
			isa = PBXSourcesBuildPhase;
			buildActionMask = 2147483647;
			files = (
				BAFA1EAA2C1F438700BDF708 /* BullsEyeUITestsLaunchTests.swift in Sources */,
				BAFA1EA82C1F438700BDF708 /* BullsEyeUITests.swift in Sources */,
			);
			runOnlyForDeploymentPostprocessing = 0;
		};
/* End PBXSourcesBuildPhase section */

/* Begin PBXTargetDependency section */
		BAFA1E9B2C1F438700BDF708 /* PBXTargetDependency */ = {
			isa = PBXTargetDependency;
			target = BAFA1E882C1F438400BDF708 /* BullsEye */;
			targetProxy = BAFA1E9A2C1F438700BDF708 /* PBXContainerItemProxy */;
		};
		BAFA1EA52C1F438700BDF708 /* PBXTargetDependency */ = {
			isa = PBXTargetDependency;
			target = BAFA1E882C1F438400BDF708 /* BullsEye */;
			targetProxy = BAFA1EA42C1F438700BDF708 /* PBXContainerItemProxy */;
		};
/* End PBXTargetDependency section */

/* Begin XCBuildConfiguration section */
		BAFA1EAB2C1F438700BDF708 /* Debug */ = {
			isa = XCBuildConfiguration;
			buildSettings = {
				ALWAYS_SEARCH_USER_PATHS = NO;
				ASSETCATALOG_COMPILER_GENERATE_SWIFT_ASSET_SYMBOL_EXTENSIONS = YES;
				CLANG_ANALYZER_NONNULL = YES;
				CLANG_ANALYZER_NUMBER_OBJECT_CONVERSION = YES_AGGRESSIVE;
				CLANG_CXX_LANGUAGE_STANDARD = "gnu++20";
				CLANG_ENABLE_MODULES = YES;
				CLANG_ENABLE_OBJC_ARC = YES;
				CLANG_ENABLE_OBJC_WEAK = YES;
				CLANG_WARN_BLOCK_CAPTURE_AUTORELEASING = YES;
				CLANG_WARN_BOOL_CONVERSION = YES;
				CLANG_WARN_COMMA = YES;
				CLANG_WARN_CONSTANT_CONVERSION = YES;
				CLANG_WARN_DEPRECATED_OBJC_IMPLEMENTATIONS = YES;
				CLANG_WARN_DIRECT_OBJC_ISA_USAGE = YES_ERROR;
				CLANG_WARN_DOCUMENTATION_COMMENTS = YES;
				CLANG_WARN_EMPTY_BODY = YES;
				CLANG_WARN_ENUM_CONVERSION = YES;
				CLANG_WARN_INFINITE_RECURSION = YES;
				CLANG_WARN_INT_CONVERSION = YES;
				CLANG_WARN_NON_LITERAL_NULL_CONVERSION = YES;
				CLANG_WARN_OBJC_IMPLICIT_RETAIN_SELF = YES;
				CLANG_WARN_OBJC_LITERAL_CONVERSION = YES;
				CLANG_WARN_OBJC_ROOT_CLASS = YES_ERROR;
				CLANG_WARN_QUOTED_INCLUDE_IN_FRAMEWORK_HEADER = YES;
				CLANG_WARN_RANGE_LOOP_ANALYSIS = YES;
				CLANG_WARN_STRICT_PROTOTYPES = YES;
				CLANG_WARN_SUSPICIOUS_MOVE = YES;
				CLANG_WARN_UNGUARDED_AVAILABILITY = YES_AGGRESSIVE;
				CLANG_WARN_UNREACHABLE_CODE = YES;
				CLANG_WARN__DUPLICATE_METHOD_MATCH = YES;
				COPY_PHASE_STRIP = NO;
				DEBUG_INFORMATION_FORMAT = dwarf;
				ENABLE_STRICT_OBJC_MSGSEND = YES;
				ENABLE_TESTABILITY = YES;
				ENABLE_USER_SCRIPT_SANDBOXING = YES;
				GCC_C_LANGUAGE_STANDARD = gnu17;
				GCC_DYNAMIC_NO_PIC = NO;
				GCC_NO_COMMON_BLOCKS = YES;
				GCC_OPTIMIZATION_LEVEL = 0;
				GCC_PREPROCESSOR_DEFINITIONS = (
					"DEBUG=1",
					"$(inherited)",
				);
				GCC_WARN_64_TO_32_BIT_CONVERSION = YES;
				GCC_WARN_ABOUT_RETURN_TYPE = YES_ERROR;
				GCC_WARN_UNDECLARED_SELECTOR = YES;
				GCC_WARN_UNINITIALIZED_AUTOS = YES_AGGRESSIVE;
				GCC_WARN_UNUSED_FUNCTION = YES;
				GCC_WARN_UNUSED_VARIABLE = YES;
				IPHONEOS_DEPLOYMENT_TARGET = 17.2;
				LOCALIZATION_PREFERS_STRING_CATALOGS = YES;
				MTL_ENABLE_DEBUG_INFO = INCLUDE_SOURCE;
				MTL_FAST_MATH = YES;
				ONLY_ACTIVE_ARCH = YES;
				SDKROOT = iphoneos;
				SWIFT_ACTIVE_COMPILATION_CONDITIONS = "DEBUG $(inherited)";
				SWIFT_OPTIMIZATION_LEVEL = "-Onone";
			};
			name = Debug;
		};
		BAFA1EAC2C1F438700BDF708 /* Release */ = {
			isa = XCBuildConfiguration;
			buildSettings = {
				ALWAYS_SEARCH_USER_PATHS = NO;
				ASSETCATALOG_COMPILER_GENERATE_SWIFT_ASSET_SYMBOL_EXTENSIONS = YES;
				CLANG_ANALYZER_NONNULL = YES;
				CLANG_ANALYZER_NUMBER_OBJECT_CONVERSION = YES_AGGRESSIVE;
				CLANG_CXX_LANGUAGE_STANDARD = "gnu++20";
				CLANG_ENABLE_MODULES = YES;
				CLANG_ENABLE_OBJC_ARC = YES;
				CLANG_ENABLE_OBJC_WEAK = YES;
				CLANG_WARN_BLOCK_CAPTURE_AUTORELEASING = YES;
				CLANG_WARN_BOOL_CONVERSION = YES;
				CLANG_WARN_COMMA = YES;
				CLANG_WARN_CONSTANT_CONVERSION = YES;
				CLANG_WARN_DEPRECATED_OBJC_IMPLEMENTATIONS = YES;
				CLANG_WARN_DIRECT_OBJC_ISA_USAGE = YES_ERROR;
				CLANG_WARN_DOCUMENTATION_COMMENTS = YES;
				CLANG_WARN_EMPTY_BODY = YES;
				CLANG_WARN_ENUM_CONVERSION = YES;
				CLANG_WARN_INFINITE_RECURSION = YES;
				CLANG_WARN_INT_CONVERSION = YES;
				CLANG_WARN_NON_LITERAL_NULL_CONVERSION = YES;
				CLANG_WARN_OBJC_IMPLICIT_RETAIN_SELF = YES;
				CLANG_WARN_OBJC_LITERAL_CONVERSION = YES;
				CLANG_WARN_OBJC_ROOT_CLASS = YES_ERROR;
				CLANG_WARN_QUOTED_INCLUDE_IN_FRAMEWORK_HEADER = YES;
				CLANG_WARN_RANGE_LOOP_ANALYSIS = YES;
				CLANG_WARN_STRICT_PROTOTYPES = YES;
				CLANG_WARN_SUSPICIOUS_MOVE = YES;
				CLANG_WARN_UNGUARDED_AVAILABILITY = YES_AGGRESSIVE;
				CLANG_WARN_UNREACHABLE_CODE = YES;
				CLANG_WARN__DUPLICATE_METHOD_MATCH = YES;
				COPY_PHASE_STRIP = NO;
				DEBUG_INFORMATION_FORMAT = "dwarf-with-dsym";
				ENABLE_NS_ASSERTIONS = NO;
				ENABLE_STRICT_OBJC_MSGSEND = YES;
				ENABLE_USER_SCRIPT_SANDBOXING = YES;
				GCC_C_LANGUAGE_STANDARD = gnu17;
				GCC_NO_COMMON_BLOCKS = YES;
				GCC_WARN_64_TO_32_BIT_CONVERSION = YES;
				GCC_WARN_ABOUT_RETURN_TYPE = YES_ERROR;
				GCC_WARN_UNDECLARED_SELECTOR = YES;
				GCC_WARN_UNINITIALIZED_AUTOS = YES_AGGRESSIVE;
				GCC_WARN_UNUSED_FUNCTION = YES;
				GCC_WARN_UNUSED_VARIABLE = YES;
				IPHONEOS_DEPLOYMENT_TARGET = 17.2;
				LOCALIZATION_PREFERS_STRING_CATALOGS = YES;
				MTL_ENABLE_DEBUG_INFO = NO;
				MTL_FAST_MATH = YES;
				SDKROOT = iphoneos;
				SWIFT_COMPILATION_MODE = wholemodule;
				VALIDATE_PRODUCT = YES;
			};
			name = Release;
		};
		BAFA1EAE2C1F438700BDF708 /* Debug */ = {
			isa = XCBuildConfiguration;
			buildSettings = {
				ASSETCATALOG_COMPILER_APPICON_NAME = AppIcon;
				ASSETCATALOG_COMPILER_GLOBAL_ACCENT_COLOR_NAME = AccentColor;
				CODE_SIGN_STYLE = Automatic;
				CURRENT_PROJECT_VERSION = 1;
				DEVELOPMENT_ASSET_PATHS = "\"BullsEye/Preview Content\"";
				ENABLE_PREVIEWS = YES;
				GENERATE_INFOPLIST_FILE = YES;
				INFOPLIST_KEY_UIApplicationSceneManifest_Generation = YES;
				INFOPLIST_KEY_UIApplicationSupportsIndirectInputEvents = YES;
				INFOPLIST_KEY_UILaunchScreen_Generation = YES;
				INFOPLIST_KEY_UISupportedInterfaceOrientations_iPad = "UIInterfaceOrientationPortrait UIInterfaceOrientationPortraitUpsideDown UIInterfaceOrientationLandscapeLeft UIInterfaceOrientationLandscapeRight";
				INFOPLIST_KEY_UISupportedInterfaceOrientations_iPhone = "UIInterfaceOrientationPortrait UIInterfaceOrientationLandscapeLeft UIInterfaceOrientationLandscapeRight";
				LD_RUNPATH_SEARCH_PATHS = (
					"$(inherited)",
					"@executable_path/Frameworks",
				);
				MARKETING_VERSION = 1.0;
				PRODUCT_BUNDLE_IDENTIFIER = com.sahil..BullsEye;
				PRODUCT_NAME = "$(TARGET_NAME)";
				SWIFT_EMIT_LOC_STRINGS = YES;
				SWIFT_VERSION = 5.0;
				TARGETED_DEVICE_FAMILY = "1,2";
			};
			name = Debug;
		};
		BAFA1EAF2C1F438700BDF708 /* Release */ = {
			isa = XCBuildConfiguration;
			buildSettings = {
				ASSETCATALOG_COMPILER_APPICON_NAME = AppIcon;
				ASSETCATALOG_COMPILER_GLOBAL_ACCENT_COLOR_NAME = AccentColor;
				CODE_SIGN_STYLE = Automatic;
				CURRENT_PROJECT_VERSION = 1;
				DEVELOPMENT_ASSET_PATHS = "\"BullsEye/Preview Content\"";
				ENABLE_PREVIEWS = YES;
				GENERATE_INFOPLIST_FILE = YES;
				INFOPLIST_KEY_UIApplicationSceneManifest_Generation = YES;
				INFOPLIST_KEY_UIApplicationSupportsIndirectInputEvents = YES;
				INFOPLIST_KEY_UILaunchScreen_Generation = YES;
				INFOPLIST_KEY_UISupportedInterfaceOrientations_iPad = "UIInterfaceOrientationPortrait UIInterfaceOrientationPortraitUpsideDown UIInterfaceOrientationLandscapeLeft UIInterfaceOrientationLandscapeRight";
				INFOPLIST_KEY_UISupportedInterfaceOrientations_iPhone = "UIInterfaceOrientationPortrait UIInterfaceOrientationLandscapeLeft UIInterfaceOrientationLandscapeRight";
				LD_RUNPATH_SEARCH_PATHS = (
					"$(inherited)",
					"@executable_path/Frameworks",
				);
				MARKETING_VERSION = 1.0;
				PRODUCT_BUNDLE_IDENTIFIER = com.sahil..BullsEye;
				PRODUCT_NAME = "$(TARGET_NAME)";
				SWIFT_EMIT_LOC_STRINGS = YES;
				SWIFT_VERSION = 5.0;
				TARGETED_DEVICE_FAMILY = "1,2";
			};
			name = Release;
		};
		BAFA1EB12C1F438700BDF708 /* Debug */ = {
			isa = XCBuildConfiguration;
			buildSettings = {
				ALWAYS_EMBED_SWIFT_STANDARD_LIBRARIES = YES;
				BUNDLE_LOADER = "$(TEST_HOST)";
				CODE_SIGN_STYLE = Automatic;
				CURRENT_PROJECT_VERSION = 1;
				GENERATE_INFOPLIST_FILE = YES;
				IPHONEOS_DEPLOYMENT_TARGET = 17.2;
				MARKETING_VERSION = 1.0;
				PRODUCT_BUNDLE_IDENTIFIER = com.sahil..BullsEyeTests;
				PRODUCT_NAME = "$(TARGET_NAME)";
				SWIFT_EMIT_LOC_STRINGS = NO;
				SWIFT_VERSION = 5.0;
				TARGETED_DEVICE_FAMILY = "1,2";
				TEST_HOST = "$(BUILT_PRODUCTS_DIR)/BullsEye.app/$(BUNDLE_EXECUTABLE_FOLDER_PATH)/BullsEye";
			};
			name = Debug;
		};
		BAFA1EB22C1F438700BDF708 /* Release */ = {
			isa = XCBuildConfiguration;
			buildSettings = {
				ALWAYS_EMBED_SWIFT_STANDARD_LIBRARIES = YES;
				BUNDLE_LOADER = "$(TEST_HOST)";
				CODE_SIGN_STYLE = Automatic;
				CURRENT_PROJECT_VERSION = 1;
				GENERATE_INFOPLIST_FILE = YES;
				IPHONEOS_DEPLOYMENT_TARGET = 17.2;
				MARKETING_VERSION = 1.0;
				PRODUCT_BUNDLE_IDENTIFIER = com.sahil..BullsEyeTests;
				PRODUCT_NAME = "$(TARGET_NAME)";
				SWIFT_EMIT_LOC_STRINGS = NO;
				SWIFT_VERSION = 5.0;
				TARGETED_DEVICE_FAMILY = "1,2";
				TEST_HOST = "$(BUILT_PRODUCTS_DIR)/BullsEye.app/$(BUNDLE_EXECUTABLE_FOLDER_PATH)/BullsEye";
			};
			name = Release;
		};
		BAFA1EB42C1F438700BDF708 /* Debug */ = {
			isa = XCBuildConfiguration;
			buildSettings = {
				ALWAYS_EMBED_SWIFT_STANDARD_LIBRARIES = YES;
				CODE_SIGN_STYLE = Automatic;
				CURRENT_PROJECT_VERSION = 1;
				GENERATE_INFOPLIST_FILE = YES;
				MARKETING_VERSION = 1.0;
				PRODUCT_BUNDLE_IDENTIFIER = com.sahil..BullsEyeUITests;
				PRODUCT_NAME = "$(TARGET_NAME)";
				SWIFT_EMIT_LOC_STRINGS = NO;
				SWIFT_VERSION = 5.0;
				TARGETED_DEVICE_FAMILY = "1,2";
				TEST_TARGET_NAME = BullsEye;
			};
			name = Debug;
		};
		BAFA1EB52C1F438700BDF708 /* Release */ = {
			isa = XCBuildConfiguration;
			buildSettings = {
				ALWAYS_EMBED_SWIFT_STANDARD_LIBRARIES = YES;
				CODE_SIGN_STYLE = Automatic;
				CURRENT_PROJECT_VERSION = 1;
				GENERATE_INFOPLIST_FILE = YES;
				MARKETING_VERSION = 1.0;
				PRODUCT_BUNDLE_IDENTIFIER = com.sahil..BullsEyeUITests;
				PRODUCT_NAME = "$(TARGET_NAME)";
				SWIFT_EMIT_LOC_STRINGS = NO;
				SWIFT_VERSION = 5.0;
				TARGETED_DEVICE_FAMILY = "1,2";
				TEST_TARGET_NAME = BullsEye;
			};
			name = Release;
		};
/* End XCBuildConfiguration section */

/* Begin XCConfigurationList section */
		BAFA1E842C1F438400BDF708 /* Build configuration list for PBXProject "BullsEye" */ = {
			isa = XCConfigurationList;
			buildConfigurations = (
				BAFA1EAB2C1F438700BDF708 /* Debug */,
				BAFA1EAC2C1F438700BDF708 /* Release */,
			);
			defaultConfigurationIsVisible = 0;
			defaultConfigurationName = Release;
		};
		BAFA1EAD2C1F438700BDF708 /* Build configuration list for PBXNativeTarget "BullsEye" */ = {
			isa = XCConfigurationList;
			buildConfigurations = (
				BAFA1EAE2C1F438700BDF708 /* Debug */,
				BAFA1EAF2C1F438700BDF708 /* Release */,
			);
			defaultConfigurationIsVisible = 0;
			defaultConfigurationName = Release;
		};
		BAFA1EB02C1F438700BDF708 /* Build configuration list for PBXNativeTarget "BullsEyeTests" */ = {
			isa = XCConfigurationList;
			buildConfigurations = (
				BAFA1EB12C1F438700BDF708 /* Debug */,
				BAFA1EB22C1F438700BDF708 /* Release */,
			);
			defaultConfigurationIsVisible = 0;
			defaultConfigurationName = Release;
		};
		BAFA1EB32C1F438700BDF708 /* Build configuration list for PBXNativeTarget "BullsEyeUITests" */ = {
			isa = XCConfigurationList;
			buildConfigurations = (
				BAFA1EB42C1F438700BDF708 /* Debug */,
				BAFA1EB52C1F438700BDF708 /* Release */,
			);
			defaultConfigurationIsVisible = 0;
			defaultConfigurationName = Release;
		};
/* End XCConfigurationList section */
	};
	rootObject = BAFA1E812C1F438400BDF708 /* Project object */;
}
